
Microsoft Visual Studio Solution File, Format Version 12.00
# Visual Studio Version 17
VisualStudioVersion = 17.6.33815.320
MinimumVisualStudioVersion = 10.0.40219.1
Project("{9A19103F-16F7-4668-BE54-9A1E7A4F7556}") = "ZendureShell", "ZendureShell\ZendureShell.csproj", "{506A83F7-DCB1-4438-BF72-FD9E171F2BEB}"
EndProject
Project("{9A19103F-16F7-4668-BE54-9A1E7A4F7556}") = "ZendureShellShared", "ZendureShellShared\ZendureShellShared.csproj", "{1F084B12-D35B-4D2E-A9CD-9FD7B5E2FD73}"
EndProject
Project("{FAE04EC0-301F-11D3-BF4B-00C04F79EFBC}") = "ZendureCmd", "ZendureCmd\ZendureCmd.csproj", "{31289D6E-48ED-4150-8F72-55CA54DBD307}"
EndProject
Global
	GlobalSection(SolutionConfigurationPlatforms) = preSolution
		Debug|Any CPU = Debug|Any CPU
		Release|Any CPU = Release|Any CPU
	EndGlobalSection
	GlobalSection(ProjectConfigurationPlatforms) = postSolution
		{506A83F7-DCB1-4438-BF72-FD9E171F2BEB}.Debug|Any CPU.ActiveCfg = Debug|Any CPU
		{506A83F7-DCB1-4438-BF72-FD9E171F2BEB}.Debug|Any CPU.Build.0 = Debug|Any CPU
		{506A83F7-DCB1-4438-BF72-FD9E171F2BEB}.Release|Any CPU.ActiveCfg = Release|Any CPU
		{506A83F7-DCB1-4438-BF72-FD9E171F2BEB}.Release|Any CPU.Build.0 = Release|Any CPU
		{1F084B12-D35B-4D2E-A9CD-9FD7B5E2FD73}.Debug|Any CPU.ActiveCfg = Debug|Any CPU
		{1F084B12-D35B-4D2E-A9CD-9FD7B5E2FD73}.Debug|Any CPU.Build.0 = Debug|Any CPU
		{1F084B12-D35B-4D2E-A9CD-9FD7B5E2FD73}.Release|Any CPU.ActiveCfg = Release|Any CPU
		{1F084B12-D35B-4D2E-A9CD-9FD7B5E2FD73}.Release|Any CPU.Build.0 = Release|Any CPU
		{31289D6E-48ED-4150-8F72-55CA54DBD307}.Debug|Any CPU.ActiveCfg = Debug|Any CPU
		{31289D6E-48ED-4150-8F72-55CA54DBD307}.Debug|Any CPU.Build.0 = Debug|Any CPU
		{31289D6E-48ED-4150-8F72-55CA54DBD307}.Release|Any CPU.ActiveCfg = Release|Any CPU
		{31289D6E-48ED-4150-8F72-55CA54DBD307}.Release|Any CPU.Build.0 = Release|Any CPU
	EndGlobalSection
	GlobalSection(SolutionProperties) = preSolution
		HideSolutionNode = FALSE
	EndGlobalSection
	GlobalSection(ExtensibilityGlobals) = postSolution
		SolutionGuid = {D1E446E0-22BB-4B58-BEAB-FF02DF415572}
	EndGlobalSection
EndGlobal
